// !$*UTF8*$!
{
	archiveVersion = 1;
	classes = {
	};
	objectVersion = 46;
	objects = {

/* Begin PBXBuildFile section */
		192F2D0A16B760E4009C97DB /* SenTestingKit.framework in Frameworks */ = {isa = PBXBuildFile; fileRef = 2B47EBAB14F0AE7A00371407 /* SenTestingKit.framework */; };
		192F2D0B16B760E4009C97DB /* UIKit.framework in Frameworks */ = {isa = PBXBuildFile; fileRef = 2B47EB9314F0AE7A00371407 /* UIKit.framework */; };
		192F2D0C16B760E4009C97DB /* Foundation.framework in Frameworks */ = {isa = PBXBuildFile; fileRef = 2B47EB9514F0AE7A00371407 /* Foundation.framework */; };
		192F2D1216B760E4009C97DB /* InfoPlist.strings in Resources */ = {isa = PBXBuildFile; fileRef = 192F2D1016B760E4009C97DB /* InfoPlist.strings */; };
		192F2D1516B760E4009C97DB /* CountTestUnitTests.m in Sources */ = {isa = PBXBuildFile; fileRef = 192F2D1416B760E4009C97DB /* CountTestUnitTests.m */; };
		192F2D1E16B76398009C97DB /* Counter.m in Sources */ = {isa = PBXBuildFile; fileRef = 2B47EBC314F0B5F000371407 /* Counter.m */; };
		2B47EB9414F0AE7A00371407 /* UIKit.framework in Frameworks */ = {isa = PBXBuildFile; fileRef = 2B47EB9314F0AE7A00371407 /* UIKit.framework */; };
		2B47EB9614F0AE7A00371407 /* Foundation.framework in Frameworks */ = {isa = PBXBuildFile; fileRef = 2B47EB9514F0AE7A00371407 /* Foundation.framework */; };
		2B47EB9814F0AE7A00371407 /* CoreGraphics.framework in Frameworks */ = {isa = PBXBuildFile; fileRef = 2B47EB9714F0AE7A00371407 /* CoreGraphics.framework */; };
		2B47EB9E14F0AE7A00371407 /* InfoPlist.strings in Resources */ = {isa = PBXBuildFile; fileRef = 2B47EB9C14F0AE7A00371407 /* InfoPlist.strings */; };
		2B47EBA014F0AE7A00371407 /* main.m in Sources */ = {isa = PBXBuildFile; fileRef = 2B47EB9F14F0AE7A00371407 /* main.m */; };
		2B47EBA414F0AE7A00371407 /* CTAppDelegate.m in Sources */ = {isa = PBXBuildFile; fileRef = 2B47EBA314F0AE7A00371407 /* CTAppDelegate.m */; };
		2B47EBC414F0B5F000371407 /* Counter.m in Sources */ = {isa = PBXBuildFile; fileRef = 2B47EBC314F0B5F000371407 /* Counter.m */; };
/* End PBXBuildFile section */

/* Begin PBXFileReference section */
		192F2D0916B760E4009C97DB /* CountTestUnitTests.octest */ = {isa = PBXFileReference; explicitFileType = wrapper.cfbundle; includeInIndex = 0; path = CountTestUnitTests.octest; sourceTree = BUILT_PRODUCTS_DIR; };
		192F2D0F16B760E4009C97DB /* CountTestUnitTests-Info.plist */ = {isa = PBXFileReference; lastKnownFileType = text.plist.xml; path = "CountTestUnitTests-Info.plist"; sourceTree = "<group>"; };
		192F2D1116B760E4009C97DB /* en */ = {isa = PBXFileReference; lastKnownFileType = text.plist.strings; name = en; path = en.lproj/InfoPlist.strings; sourceTree = "<group>"; };
		192F2D1316B760E4009C97DB /* CountTestUnitTests.h */ = {isa = PBXFileReference; lastKnownFileType = sourcecode.c.h; path = CountTestUnitTests.h; sourceTree = "<group>"; };
		192F2D1416B760E4009C97DB /* CountTestUnitTests.m */ = {isa = PBXFileReference; lastKnownFileType = sourcecode.c.objc; path = CountTestUnitTests.m; sourceTree = "<group>"; };
		192F2D1616B760E4009C97DB /* CountTestUnitTests-Prefix.pch */ = {isa = PBXFileReference; lastKnownFileType = sourcecode.c.h; path = "CountTestUnitTests-Prefix.pch"; sourceTree = "<group>"; };
		2B47EB8F14F0AE7A00371407 /* CountTest.app */ = {isa = PBXFileReference; explicitFileType = wrapper.application; includeInIndex = 0; path = CountTest.app; sourceTree = BUILT_PRODUCTS_DIR; };
		2B47EB9314F0AE7A00371407 /* UIKit.framework */ = {isa = PBXFileReference; lastKnownFileType = wrapper.framework; name = UIKit.framework; path = System/Library/Frameworks/UIKit.framework; sourceTree = SDKROOT; };
		2B47EB9514F0AE7A00371407 /* Foundation.framework */ = {isa = PBXFileReference; lastKnownFileType = wrapper.framework; name = Foundation.framework; path = System/Library/Frameworks/Foundation.framework; sourceTree = SDKROOT; };
		2B47EB9714F0AE7A00371407 /* CoreGraphics.framework */ = {isa = PBXFileReference; lastKnownFileType = wrapper.framework; name = CoreGraphics.framework; path = System/Library/Frameworks/CoreGraphics.framework; sourceTree = SDKROOT; };
		2B47EB9B14F0AE7A00371407 /* CountTest-Info.plist */ = {isa = PBXFileReference; lastKnownFileType = text.plist.xml; path = "CountTest-Info.plist"; sourceTree = "<group>"; };
		2B47EB9D14F0AE7A00371407 /* en */ = {isa = PBXFileReference; lastKnownFileType = text.plist.strings; name = en; path = en.lproj/InfoPlist.strings; sourceTree = "<group>"; };
		2B47EB9F14F0AE7A00371407 /* main.m */ = {isa = PBXFileReference; lastKnownFileType = sourcecode.c.objc; path = main.m; sourceTree = "<group>"; };
		2B47EBA114F0AE7A00371407 /* CountTest-Prefix.pch */ = {isa = PBXFileReference; lastKnownFileType = sourcecode.c.h; path = "CountTest-Prefix.pch"; sourceTree = "<group>"; };
		2B47EBA214F0AE7A00371407 /* CTAppDelegate.h */ = {isa = PBXFileReference; lastKnownFileType = sourcecode.c.h; path = CTAppDelegate.h; sourceTree = "<group>"; };
		2B47EBA314F0AE7A00371407 /* CTAppDelegate.m */ = {isa = PBXFileReference; lastKnownFileType = sourcecode.c.objc; path = CTAppDelegate.m; sourceTree = "<group>"; };
		2B47EBAB14F0AE7A00371407 /* SenTestingKit.framework */ = {isa = PBXFileReference; lastKnownFileType = wrapper.framework; name = SenTestingKit.framework; path = Library/Frameworks/SenTestingKit.framework; sourceTree = DEVELOPER_DIR; };
		2B47EBC214F0B5F000371407 /* Counter.h */ = {isa = PBXFileReference; fileEncoding = 4; lastKnownFileType = sourcecode.c.h; path = Counter.h; sourceTree = "<group>"; };
		2B47EBC314F0B5F000371407 /* Counter.m */ = {isa = PBXFileReference; fileEncoding = 4; lastKnownFileType = sourcecode.c.objc; path = Counter.m; sourceTree = "<group>"; };
/* End PBXFileReference section */

/* Begin PBXFrameworksBuildPhase section */
		192F2D0516B760E4009C97DB /* Frameworks */ = {
			isa = PBXFrameworksBuildPhase;
			buildActionMask = 2147483647;
			files = (
				192F2D0A16B760E4009C97DB /* SenTestingKit.framework in Frameworks */,
				192F2D0B16B760E4009C97DB /* UIKit.framework in Frameworks */,
				192F2D0C16B760E4009C97DB /* Foundation.framework in Frameworks */,
			);
			runOnlyForDeploymentPostprocessing = 0;
		};
		2B47EB8C14F0AE7A00371407 /* Frameworks */ = {
			isa = PBXFrameworksBuildPhase;
			buildActionMask = 2147483647;
			files = (
				2B47EB9414F0AE7A00371407 /* UIKit.framework in Frameworks */,
				2B47EB9614F0AE7A00371407 /* Foundation.framework in Frameworks */,
				2B47EB9814F0AE7A00371407 /* CoreGraphics.framework in Frameworks */,
			);
			runOnlyForDeploymentPostprocessing = 0;
		};
/* End PBXFrameworksBuildPhase section */

/* Begin PBXGroup section */
		192F2D0D16B760E4009C97DB /* CountTestUnitTests */ = {
			isa = PBXGroup;
			children = (
				192F2D1316B760E4009C97DB /* CountTestUnitTests.h */,
				192F2D1416B760E4009C97DB /* CountTestUnitTests.m */,
				192F2D0E16B760E4009C97DB /* Supporting Files */,
			);
			path = CountTestUnitTests;
			sourceTree = "<group>";
		};
		192F2D0E16B760E4009C97DB /* Supporting Files */ = {
			isa = PBXGroup;
			children = (
				192F2D0F16B760E4009C97DB /* CountTestUnitTests-Info.plist */,
				192F2D1016B760E4009C97DB /* InfoPlist.strings */,
				192F2D1616B760E4009C97DB /* CountTestUnitTests-Prefix.pch */,
			);
			name = "Supporting Files";
			sourceTree = "<group>";
		};
		2B47EB8414F0AE7A00371407 = {
			isa = PBXGroup;
			children = (
				2B47EB9914F0AE7A00371407 /* CountTest */,
				192F2D0D16B760E4009C97DB /* CountTestUnitTests */,
				2B47EB9214F0AE7A00371407 /* Frameworks */,
				2B47EB9014F0AE7A00371407 /* Products */,
			);
			sourceTree = "<group>";
		};
		2B47EB9014F0AE7A00371407 /* Products */ = {
			isa = PBXGroup;
			children = (
				2B47EB8F14F0AE7A00371407 /* CountTest.app */,
				192F2D0916B760E4009C97DB /* CountTestUnitTests.octest */,
			);
			name = Products;
			sourceTree = "<group>";
		};
		2B47EB9214F0AE7A00371407 /* Frameworks */ = {
			isa = PBXGroup;
			children = (
				2B47EB9314F0AE7A00371407 /* UIKit.framework */,
				2B47EB9514F0AE7A00371407 /* Foundation.framework */,
				2B47EB9714F0AE7A00371407 /* CoreGraphics.framework */,
				2B47EBAB14F0AE7A00371407 /* SenTestingKit.framework */,
			);
			name = Frameworks;
			sourceTree = "<group>";
		};
		2B47EB9914F0AE7A00371407 /* CountTest */ = {
			isa = PBXGroup;
			children = (
				2B47EBC214F0B5F000371407 /* Counter.h */,
				2B47EBC314F0B5F000371407 /* Counter.m */,
				2B47EBA214F0AE7A00371407 /* CTAppDelegate.h */,
				2B47EBA314F0AE7A00371407 /* CTAppDelegate.m */,
				2B47EB9A14F0AE7A00371407 /* Supporting Files */,
			);
			path = CountTest;
			sourceTree = "<group>";
		};
		2B47EB9A14F0AE7A00371407 /* Supporting Files */ = {
			isa = PBXGroup;
			children = (
				2B47EB9B14F0AE7A00371407 /* CountTest-Info.plist */,
				2B47EB9C14F0AE7A00371407 /* InfoPlist.strings */,
				2B47EB9F14F0AE7A00371407 /* main.m */,
				2B47EBA114F0AE7A00371407 /* CountTest-Prefix.pch */,
			);
			name = "Supporting Files";
			sourceTree = "<group>";
		};
/* End PBXGroup section */

/* Begin PBXNativeTarget section */
		192F2D0816B760E4009C97DB /* CountTestUnitTests */ = {
			isa = PBXNativeTarget;
			buildConfigurationList = 192F2D1716B760E4009C97DB /* Build configuration list for PBXNativeTarget "CountTestUnitTests" */;
			buildPhases = (
				192F2D0416B760E4009C97DB /* Sources */,
				192F2D0516B760E4009C97DB /* Frameworks */,
				192F2D0616B760E4009C97DB /* Resources */,
				192F2D0716B760E4009C97DB /* ShellScript */,
			);
			buildRules = (
			);
			dependencies = (
			);
			name = CountTestUnitTests;
			productName = CountTestUnitTests;
			productReference = 192F2D0916B760E4009C97DB /* CountTestUnitTests.octest */;
			productType = "com.apple.product-type.bundle";
		};
		2B47EB8E14F0AE7A00371407 /* CountTest */ = {
			isa = PBXNativeTarget;
			buildConfigurationList = 2B47EBBC14F0AE7B00371407 /* Build configuration list for PBXNativeTarget "CountTest" */;
			buildPhases = (
				2B47EB8B14F0AE7A00371407 /* Sources */,
				2B47EB8C14F0AE7A00371407 /* Frameworks */,
				2B47EB8D14F0AE7A00371407 /* Resources */,
			);
			buildRules = (
			);
			dependencies = (
			);
			name = CountTest;
			productName = CountTest;
			productReference = 2B47EB8F14F0AE7A00371407 /* CountTest.app */;
			productType = "com.apple.product-type.application";
		};
/* End PBXNativeTarget section */

/* Begin PBXProject section */
		2B47EB8614F0AE7A00371407 /* Project object */ = {
			isa = PBXProject;
			attributes = {
				LastUpgradeCheck = 0430;
			};
			buildConfigurationList = 2B47EB8914F0AE7A00371407 /* Build configuration list for PBXProject "CountTest" */;
			compatibilityVersion = "Xcode 3.2";
			developmentRegion = English;
			hasScannedForEncodings = 0;
			knownRegions = (
				en,
			);
			mainGroup = 2B47EB8414F0AE7A00371407;
			productRefGroup = 2B47EB9014F0AE7A00371407 /* Products */;
			projectDirPath = "";
			projectRoot = "";
			targets = (
				2B47EB8E14F0AE7A00371407 /* CountTest */,
				192F2D0816B760E4009C97DB /* CountTestUnitTests */,
			);
		};
/* End PBXProject section */

/* Begin PBXResourcesBuildPhase section */
		192F2D0616B760E4009C97DB /* Resources */ = {
			isa = PBXResourcesBuildPhase;
			buildActionMask = 2147483647;
			files = (
				192F2D1216B760E4009C97DB /* InfoPlist.strings in Resources */,
			);
			runOnlyForDeploymentPostprocessing = 0;
		};
		2B47EB8D14F0AE7A00371407 /* Resources */ = {
			isa = PBXResourcesBuildPhase;
			buildActionMask = 2147483647;
			files = (
				2B47EB9E14F0AE7A00371407 /* InfoPlist.strings in Resources */,
			);
			runOnlyForDeploymentPostprocessing = 0;
		};
/* End PBXResourcesBuildPhase section */

/* Begin PBXShellScriptBuildPhase section */
		192F2D0716B760E4009C97DB /* ShellScript */ = {
			isa = PBXShellScriptBuildPhase;
			buildActionMask = 2147483647;
			files = (
			);
			inputPaths = (
			);
			outputPaths = (
			);
			runOnlyForDeploymentPostprocessing = 0;
			shellPath = /bin/sh;
			shellScript = "# Run the unit tests in this test bundle.\n\"${SYSTEM_DEVELOPER_DIR}/Tools/RunUnitTests\"\n";
		};
/* End PBXShellScriptBuildPhase section */

/* Begin PBXSourcesBuildPhase section */
		192F2D0416B760E4009C97DB /* Sources */ = {
			isa = PBXSourcesBuildPhase;
			buildActionMask = 2147483647;
			files = (
				192F2D1E16B76398009C97DB /* Counter.m in Sources */,
				192F2D1516B760E4009C97DB /* CountTestUnitTests.m in Sources */,
			);
			runOnlyForDeploymentPostprocessing = 0;
		};
		2B47EB8B14F0AE7A00371407 /* Sources */ = {
			isa = PBXSourcesBuildPhase;
			buildActionMask = 2147483647;
			files = (
				2B47EBA014F0AE7A00371407 /* main.m in Sources */,
				2B47EBA414F0AE7A00371407 /* CTAppDelegate.m in Sources */,
				2B47EBC414F0B5F000371407 /* Counter.m in Sources */,
			);
			runOnlyForDeploymentPostprocessing = 0;
		};
/* End PBXSourcesBuildPhase section */

/* Begin PBXVariantGroup section */
		192F2D1016B760E4009C97DB /* InfoPlist.strings */ = {
			isa = PBXVariantGroup;
			children = (
				192F2D1116B760E4009C97DB /* en */,
			);
			name = InfoPlist.strings;
			sourceTree = "<group>";
		};
		2B47EB9C14F0AE7A00371407 /* InfoPlist.strings */ = {
			isa = PBXVariantGroup;
			children = (
				2B47EB9D14F0AE7A00371407 /* en */,
			);
			name = InfoPlist.strings;
			sourceTree = "<group>";
		};
/* End PBXVariantGroup section */

/* Begin XCBuildConfiguration section */
		192F2D1816B760E4009C97DB /* Debug */ = {
			isa = XCBuildConfiguration;
			buildSettings = {
				CLANG_CXX_LANGUAGE_STANDARD = "gnu++0x";
				CLANG_CXX_LIBRARY = "libc++";
				CLANG_ENABLE_OBJC_ARC = YES;
				CLANG_WARN_EMPTY_BODY = YES;
				CLANG_WARN__DUPLICATE_METHOD_MATCH = YES;
				FRAMEWORK_SEARCH_PATHS = (
					"\"$(SDKROOT)/Developer/Library/Frameworks\"",
					"\"$(DEVELOPER_LIBRARY_DIR)/Frameworks\"",
				);
				GCC_PRECOMPILE_PREFIX_HEADER = YES;
				GCC_PREFIX_HEADER = "CountTestUnitTests/CountTestUnitTests-Prefix.pch";
				GCC_WARN_UNINITIALIZED_AUTOS = YES;
				INFOPLIST_FILE = "CountTestUnitTests/CountTestUnitTests-Info.plist";
				IPHONEOS_DEPLOYMENT_TARGET = 6.0;
				ONLY_ACTIVE_ARCH = YES;
				PRODUCT_NAME = "$(TARGET_NAME)";
				TEST_AFTER_BUILD = NO;
				WRAPPER_EXTENSION = octest;
			};
			name = Debug;
		};
		192F2D1916B760E4009C97DB /* Release */ = {
			isa = XCBuildConfiguration;
			buildSettings = {
				CLANG_CXX_LANGUAGE_STANDARD = "gnu++0x";
				CLANG_CXX_LIBRARY = "libc++";
				CLANG_ENABLE_OBJC_ARC = YES;
				CLANG_WARN_EMPTY_BODY = YES;
				CLANG_WARN__DUPLICATE_METHOD_MATCH = YES;
				FRAMEWORK_SEARCH_PATHS = (
					"\"$(SDKROOT)/Developer/Library/Frameworks\"",
					"\"$(DEVELOPER_LIBRARY_DIR)/Frameworks\"",
				);
				GCC_PRECOMPILE_PREFIX_HEADER = YES;
				GCC_PREFIX_HEADER = "CountTestUnitTests/CountTestUnitTests-Prefix.pch";
				GCC_WARN_UNINITIALIZED_AUTOS = YES;
				INFOPLIST_FILE = "CountTestUnitTests/CountTestUnitTests-Info.plist";
				IPHONEOS_DEPLOYMENT_TARGET = 6.0;
				PRODUCT_NAME = "$(TARGET_NAME)";
				TEST_AFTER_BUILD = NO;
				WRAPPER_EXTENSION = octest;
			};
			name = Release;
		};
		2B47EBBA14F0AE7A00371407 /* Debug */ = {
			isa = XCBuildConfiguration;
			buildSettings = {
				ALWAYS_SEARCH_USER_PATHS = NO;
				ARCHS = "$(ARCHS_STANDARD_32_BIT)";
				"CODE_SIGN_IDENTITY[sdk=iphoneos*]" = "iPhone Developer";
				COPY_PHASE_STRIP = NO;
				GCC_C_LANGUAGE_STANDARD = gnu99;
				GCC_DYNAMIC_NO_PIC = NO;
				GCC_OPTIMIZATION_LEVEL = 0;
				GCC_PREPROCESSOR_DEFINITIONS = (
					"DEBUG=1",
					"$(inherited)",
				);
				GCC_SYMBOLS_PRIVATE_EXTERN = NO;
				GCC_VERSION = com.apple.compilers.llvm.clang.1_0;
				GCC_WARN_ABOUT_MISSING_PROTOTYPES = YES;
				GCC_WARN_ABOUT_RETURN_TYPE = YES;
				GCC_WARN_UNUSED_VARIABLE = YES;
				IPHONEOS_DEPLOYMENT_TARGET = 5.1;
				SDKROOT = iphoneos;
			};
			name = Debug;
		};
		2B47EBBB14F0AE7A00371407 /* Release */ = {
			isa = XCBuildConfiguration;
			buildSettings = {
				ALWAYS_SEARCH_USER_PATHS = NO;
				ARCHS = "$(ARCHS_STANDARD_32_BIT)";
				"CODE_SIGN_IDENTITY[sdk=iphoneos*]" = "iPhone Developer";
				COPY_PHASE_STRIP = YES;
				GCC_C_LANGUAGE_STANDARD = gnu99;
				GCC_VERSION = com.apple.compilers.llvm.clang.1_0;
				GCC_WARN_ABOUT_MISSING_PROTOTYPES = YES;
				GCC_WARN_ABOUT_RETURN_TYPE = YES;
				GCC_WARN_UNUSED_VARIABLE = YES;
				IPHONEOS_DEPLOYMENT_TARGET = 5.1;
				OTHER_CFLAGS = "-DNS_BLOCK_ASSERTIONS=1";
				SDKROOT = iphoneos;
				VALIDATE_PRODUCT = YES;
			};
			name = Release;
		};
		2B47EBBD14F0AE7B00371407 /* Debug */ = {
			isa = XCBuildConfiguration;
			buildSettings = {
				GCC_PRECOMPILE_PREFIX_HEADER = YES;
				GCC_PREFIX_HEADER = "CountTest/CountTest-Prefix.pch";
				INFOPLIST_FILE = "CountTest/CountTest-Info.plist";
				PRODUCT_NAME = "$(TARGET_NAME)";
				WRAPPER_EXTENSION = app;
			};
			name = Debug;
		};
		2B47EBBE14F0AE7B00371407 /* Release */ = {
			isa = XCBuildConfiguration;
			buildSettings = {
				GCC_PRECOMPILE_PREFIX_HEADER = YES;
				GCC_PREFIX_HEADER = "CountTest/CountTest-Prefix.pch";
				INFOPLIST_FILE = "CountTest/CountTest-Info.plist";
				PRODUCT_NAME = "$(TARGET_NAME)";
				WRAPPER_EXTENSION = app;
			};
			name = Release;
		};
/* End XCBuildConfiguration section */

/* Begin XCConfigurationList section */
		192F2D1716B760E4009C97DB /* Build configuration list for PBXNativeTarget "CountTestUnitTests" */ = {
			isa = XCConfigurationList;
			buildConfigurations = (
				192F2D1816B760E4009C97DB /* Debug */,
				192F2D1916B760E4009C97DB /* Release */,
			);
			defaultConfigurationIsVisible = 0;
			defaultConfigurationName = Release;
		};
		2B47EB8914F0AE7A00371407 /* Build configuration list for PBXProject "CountTest" */ = {
			isa = XCConfigurationList;
			buildConfigurations = (
				2B47EBBA14F0AE7A00371407 /* Debug */,
				2B47EBBB14F0AE7A00371407 /* Release */,
			);
			defaultConfigurationIsVisible = 0;
			defaultConfigurationName = Release;
		};
		2B47EBBC14F0AE7B00371407 /* Build configuration list for PBXNativeTarget "CountTest" */ = {
			isa = XCConfigurationList;
			buildConfigurations = (
				2B47EBBD14F0AE7B00371407 /* Debug */,
				2B47EBBE14F0AE7B00371407 /* Release */,
			);
			defaultConfigurationIsVisible = 0;
			defaultConfigurationName = Release;
		};
/* End XCConfigurationList section */
	};
	rootObject = 2B47EB8614F0AE7A00371407 /* Project object */;
}
